#MicroXplorer Configuration settings - do not modify
ADC1.Channel-0\#ChannelRegularConversion=ADC_CHANNEL_8
ADC1.IPParameters=Rank-0\#ChannelRegularConversion,Channel-0\#ChannelRegularConversion,SamplingTime-0\#ChannelRegularConversion,NbrOfConversionFlag,master
ADC1.NbrOfConversionFlag=1
ADC1.Rank-0\#ChannelRegularConversion=1
ADC1.SamplingTime-0\#ChannelRegularConversion=ADC_SAMPLETIME_1CYCLE_5
ADC1.master=1
CAD.formats=
CAD.pinconfig=
CAD.provider=
File.Version=6
GPIO.groupedBy=
KeepUserPlacement=false
Mcu.CPN=STM32F103VET6
Mcu.Family=STM32F1
Mcu.IP0=ADC1
Mcu.IP1=NVIC
Mcu.IP10=TIM5
Mcu.IP11=TIM8
Mcu.IP12=USART1
Mcu.IP13=USART2
Mcu.IP2=RCC
Mcu.IP3=SPI1
Mcu.IP4=SPI2
Mcu.IP5=SYS
Mcu.IP6=TIM1
Mcu.IP7=TIM2
Mcu.IP8=TIM3
Mcu.IP9=TIM4
Mcu.IPNb=14
Mcu.Name=STM32F103V(C-D-E)Tx
Mcu.Package=LQFP100
Mcu.Pin0=OSC_IN
Mcu.Pin1=OSC_OUT
Mcu.Pin10=PC5
Mcu.Pin11=PB0
Mcu.Pin12=PB1
Mcu.Pin13=PE7
Mcu.Pin14=PE8
Mcu.Pin15=PE9
Mcu.Pin16=PE10
Mcu.Pin17=PE12
Mcu.Pin18=PE13
Mcu.Pin19=PE14
Mcu.Pin2=PA0-WKUP
Mcu.Pin20=PE15
Mcu.Pin21=PB12
Mcu.Pin22=PB13
Mcu.Pin23=PB14
Mcu.Pin24=PB15
Mcu.Pin25=PD9
Mcu.Pin26=PD13
Mcu.Pin27=PD14
Mcu.Pin28=PD15
Mcu.Pin29=PC6
Mcu.Pin3=PA2
Mcu.Pin30=PC7
Mcu.Pin31=PC8
Mcu.Pin32=PC9
Mcu.Pin33=PA8
Mcu.Pin34=PA9
Mcu.Pin35=PA10
Mcu.Pin36=PA13
Mcu.Pin37=PA14
Mcu.Pin38=PC12
Mcu.Pin39=PD0
Mcu.Pin4=PA3
Mcu.Pin40=PD1
Mcu.Pin41=PD2
Mcu.Pin42=PD3
Mcu.Pin43=PD4
Mcu.Pin44=PD5
Mcu.Pin45=PD6
Mcu.Pin46=PD7
Mcu.Pin47=PB3
Mcu.Pin48=PB4
Mcu.Pin49=PB5
Mcu.Pin5=PA4
Mcu.Pin50=PB7
Mcu.Pin51=VP_SYS_VS_Systick
Mcu.Pin6=PA5
Mcu.Pin7=PA6
Mcu.Pin8=PA7
Mcu.Pin9=PC4
Mcu.PinsNb=52
Mcu.ThirdPartyNb=0
Mcu.UserConstants=
Mcu.UserName=STM32F103VETx
MxCube.Version=6.7.0
MxDb.Version=DB.6.0.70
NVIC.BusFault_IRQn=true\:0\:0\:false\:false\:true\:false\:false\:false
NVIC.DebugMonitor_IRQn=true\:0\:0\:false\:false\:true\:false\:false\:false
NVIC.ForceEnableDMAVector=true
NVIC.HardFault_IRQn=true\:0\:0\:false\:false\:true\:false\:false\:false
NVIC.MemoryManagement_IRQn=true\:0\:0\:false\:false\:true\:false\:false\:false
NVIC.NonMaskableInt_IRQn=true\:0\:0\:false\:false\:true\:false\:false\:false
NVIC.PendSV_IRQn=true\:0\:0\:false\:false\:true\:false\:false\:false
NVIC.PriorityGroup=NVIC_PRIORITYGROUP_4
NVIC.SVCall_IRQn=true\:0\:0\:false\:false\:true\:false\:false\:false
NVIC.SysTick_IRQn=true\:15\:0\:false\:false\:true\:false\:true\:false
NVIC.UsageFault_IRQn=true\:0\:0\:false\:false\:true\:false\:false\:false
OSC_IN.Locked=true
OSC_IN.Mode=HSE-External-Oscillator
OSC_IN.Signal=RCC_OSC_IN
OSC_OUT.Locked=true
OSC_OUT.Mode=HSE-External-Oscillator
OSC_OUT.Signal=RCC_OSC_OUT
PA0-WKUP.GPIOParameters=GPIO_Label
PA0-WKUP.GPIO_Label=E-STEP
PA0-WKUP.Locked=true
PA0-WKUP.Signal=S_TIM5_CH1
PA10.Locked=true
PA10.Mode=Asynchronous
PA10.Signal=USART1_RX
PA13.Locked=true
PA13.Mode=Serial_Wire
PA13.Signal=SYS_JTMS-SWDIO
PA14.Locked=true
PA14.Mode=Serial_Wire
PA14.Signal=SYS_JTCK-SWCLK
PA2.GPIOParameters=GPIO_Label
PA2.GPIO_Label=WIFI-TX
PA2.Locked=true
PA2.Mode=Asynchronous
PA2.Signal=USART2_TX
PA3.GPIOParameters=GPIO_Label
PA3.GPIO_Label=WIFI-RX
PA3.Locked=true
PA3.Mode=Asynchronous
PA3.Signal=USART2_RX
PA4.Locked=true
PA4.Mode=NSS_Signal_Hard_Output
PA4.Signal=SPI1_NSS
PA5.Locked=true
PA5.Mode=Full_Duplex_Master
PA5.Signal=SPI1_SCK
PA6.Locked=true
PA6.Mode=Full_Duplex_Master
PA6.Signal=SPI1_MISO
PA7.Locked=true
PA7.Mode=Full_Duplex_Master
PA7.Signal=SPI1_MOSI
PA8.GPIOParameters=GPIO_Label
PA8.GPIO_Label=WIFI-Z(ENDSWITCH)
PA8.Locked=true
PA8.Signal=GPIO_Input
PA9.Locked=true
PA9.Mode=Asynchronous
PA9.Signal=USART1_TX
PB0.GPIOParameters=GPIO_Label
PB0.GPIO_Label=HEATBED-TEMP
PB0.Locked=true
PB0.Signal=ADCx_IN8
PB1.GPIOParameters=GPIO_Label
PB1.GPIO_Label=EXTRUDER-TEMP
PB1.Locked=true
PB1.Signal=ADCx_IN9
PB12.Locked=true
PB12.Mode=NSS_Signal_Hard_Output
PB12.Signal=SPI2_NSS
PB13.Locked=true
PB13.Mode=Full_Duplex_Master
PB13.Signal=SPI2_SCK
PB14.Locked=true
PB14.Mode=Full_Duplex_Master
PB14.Signal=SPI2_MISO
PB15.Locked=true
PB15.Mode=Full_Duplex_Master
PB15.Signal=SPI2_MOSI
PB3.GPIOParameters=GPIO_Label
PB3.GPIO_Label=X-STEP
PB3.Locked=true
PB3.Signal=S_TIM2_CH2
PB4.GPIOParameters=GPIO_Label
PB4.GPIO_Label=Y-STEP
PB4.Locked=true
PB4.Signal=S_TIM3_CH1
PB5.GPIOParameters=GPIO_Label
PB5.GPIO_Label=LED-G
PB5.Locked=true
PB5.Signal=GPIO_Output
PB7.GPIOParameters=GPIO_Label
PB7.GPIO_Label=Z-STEP
PB7.Locked=true
PB7.Signal=S_TIM4_CH2
PC12.GPIOParameters=GPIO_Label
PC12.GPIO_Label=Z-DIR
PC12.Locked=true
PC12.Signal=GPIO_Output
PC4.Locked=true
PC4.Signal=EVENTOUT
PC5.Locked=true
PC5.Signal=EVENTOUT
PC6.GPIOParameters=GPIO_Label
PC6.GPIO_Label=Y-STOP
PC6.Locked=true
PC6.Signal=GPIO_Input
PC7.GPIOParameters=GPIO_Label
PC7.GPIO_Label=Z-STOP
PC7.Locked=true
PC7.Signal=GPXTI7
PC8.GPIOParameters=GPIO_Label
PC8.GPIO_Label=NOZZLE-HEATER-PWM
PC8.Locked=true
PC8.Signal=S_TIM8_CH3
PC9.GPIOParameters=GPIO_Label
PC9.GPIO_Label=BED-HEATER-PWM
PC9.Locked=true
PC9.Signal=S_TIM8_CH4
PD0.GPIOParameters=GPIO_Label
PD0.GPIO_Label=E-DIR
PD0.Locked=true
PD0.Signal=GPIO_Output
PD1.GPIOParameters=GPIO_Label
PD1.GPIO_Label=WIFI-MTS
PD1.Locked=true
PD1.Signal=GPIO_Input
PD13.GPIOParameters=GPIO_Label
PD13.GPIO_Label=Y-DIR
PD13.Locked=true
PD13.Signal=GPIO_Output
PD14.GPIOParameters=GPIO_Label
PD14.GPIO_Label=MOTOR-ENA
PD14.Locked=true
PD14.Signal=GPIO_Output
PD15.GPIOParameters=GPIO_Label
PD15.GPIO_Label=WIFI-E(RUNOUT)
PD15.Locked=true
PD15.Signal=GPIO_Input
PD2.GPIOParameters=GPIO_Label
PD2.GPIO_Label=WIFI-STM
PD2.Locked=true
PD2.Signal=GPIO_Input
PD3.GPIOParameters=GPIO_Label
PD3.GPIO_Label=WIFI-BOOT
PD3.Locked=true
PD3.Signal=GPIO_Input
PD4.GPIOParameters=GPIO_Label
PD4.GPIO_Label=WIFI-RST
PD4.Locked=true
PD4.Signal=GPIO_Input
PD5.GPIOParameters=GPIO_Label
PD5.GPIO_Label=WIFI-GPIO
PD5.Locked=true
PD5.Signal=GPIO_Input
PD6.GPIOParameters=GPIO_Label
PD6.GPIO_Label=LED-B
PD6.Locked=true
PD6.Signal=GPIO_Output
PD7.GPIOParameters=GPIO_Label
PD7.GPIO_Label=LED-R
PD7.Locked=true
PD7.Signal=GPIO_Output
PD9.GPIOParameters=GPIO_Label
PD9.GPIO_Label=X-DIR
PD9.Locked=true
PD9.Signal=GPIO_Output
PE10.Locked=true
PE10.Mode=PWM Generation2 CH2N
PE10.Signal=TIM1_CH2N
PE12.GPIOParameters=GPIO_Label
PE12.GPIO_Label=X-STOP
PE12.Locked=true
PE12.Signal=GPXTI12
PE13.GPIOParameters=GPIO_Label
PE13.GPIO_Label=EXTRUDER-FAN1
PE13.Locked=true
PE13.Signal=S_TIM1_CH3
PE14.GPIOParameters=GPIO_Label
PE14.GPIO_Label=EXTRUDER-FAN2
PE14.Locked=true
PE14.Signal=S_TIM1_CH4
PE15.GPIOParameters=GPIO_Label
PE15.GPIO_Label=FILAMENT-RUNOUT
PE15.Locked=true
PE15.Signal=GPXTI15
PE7.Locked=true
PE7.Signal=EVENTOUT
PE8.Locked=true
PE8.Mode=PWM Generation1 CH1N
PE8.Signal=TIM1_CH1N
PE9.Locked=true
PE9.Signal=EVENTOUT
PinOutPanel.RotationAngle=0
ProjectManager.AskForMigrate=true
ProjectManager.BackupPrevious=false
ProjectManager.CompilerOptimize=6
ProjectManager.ComputerToolchain=false
ProjectManager.CoupleFile=false
ProjectManager.CustomerFirmwarePackage=
ProjectManager.DefaultFWLocation=true
ProjectManager.DeletePrevious=true
ProjectManager.DeviceId=STM32F103VETx
ProjectManager.FirmwarePackage=STM32Cube FW_F1 V1.8.6
ProjectManager.FreePins=false
ProjectManager.HalAssertFull=false
ProjectManager.HeapSize=0x200
ProjectManager.KeepUserCode=true
ProjectManager.LastFirmware=true
ProjectManager.LibraryCopy=0
ProjectManager.MainLocation=Core/Src
ProjectManager.NoMain=false
ProjectManager.PreviousToolchain=
ProjectManager.ProjectBuild=false
ProjectManager.ProjectFileName=Zortrax m300p STM32F103.ioc
ProjectManager.ProjectName=Zortrax m300p STM32F103
ProjectManager.RegisterCallBack=
ProjectManager.StackSize=0x400
ProjectManager.TargetToolchain=EWARM V8.32
ProjectManager.ToolChainLocation=
ProjectManager.UnderRoot=false
ProjectManager.functionlistsort=1-SystemClock_Config-RCC-false-HAL-false,2-MX_GPIO_Init-GPIO-false-HAL-true
RCC.ADCFreqValue=36000000
RCC.AHBFreq_Value=72000000
RCC.APB1CLKDivider=RCC_HCLK_DIV2
RCC.APB1Freq_Value=36000000
RCC.APB1TimFreq_Value=72000000
RCC.APB2Freq_Value=72000000
RCC.APB2TimFreq_Value=72000000
RCC.FCLKCortexFreq_Value=72000000
RCC.FSMCFreq_Value=72000000
RCC.FamilyName=M
RCC.HCLKFreq_Value=72000000
RCC.I2S2Freq_Value=72000000
RCC.I2S3Freq_Value=72000000
RCC.IPParameters=ADCFreqValue,AHBFreq_Value,APB1CLKDivider,APB1Freq_Value,APB1TimFreq_Value,APB2Freq_Value,APB2TimFreq_Value,FCLKCortexFreq_Value,FSMCFreq_Value,FamilyName,HCLKFreq_Value,I2S2Freq_Value,I2S3Freq_Value,MCOFreq_Value,PLLCLKFreq_Value,PLLMCOFreq_Value,PLLMUL,PLLSourceVirtual,SDIOFreq_Value,SDIOHCLKDiv2FreqValue,SYSCLKFreq_VALUE,SYSCLKSource,TimSysFreq_Value,USBFreq_Value,VCOOutput2Freq_Value
RCC.MCOFreq_Value=72000000
RCC.PLLCLKFreq_Value=72000000
RCC.PLLMCOFreq_Value=36000000
RCC.PLLMUL=RCC_PLL_MUL9
RCC.PLLSourceVirtual=RCC_PLLSOURCE_HSE
RCC.SDIOFreq_Value=72000000
RCC.SDIOHCLKDiv2FreqValue=36000000
RCC.SYSCLKFreq_VALUE=72000000
RCC.SYSCLKSource=RCC_SYSCLKSOURCE_PLLCLK
RCC.TimSysFreq_Value=72000000
RCC.USBFreq_Value=72000000
RCC.VCOOutput2Freq_Value=8000000
SH.ADCx_IN8.0=ADC1_IN8,IN8
SH.ADCx_IN8.ConfNb=1
SH.ADCx_IN9.0=ADC1_IN9,IN9
SH.ADCx_IN9.ConfNb=1
SH.GPXTI12.0=GPIO_EXTI12
SH.GPXTI12.ConfNb=1
SH.GPXTI15.0=GPIO_EXTI15
SH.GPXTI15.ConfNb=1
SH.GPXTI7.0=GPIO_EXTI7
SH.GPXTI7.ConfNb=1
SH.S_TIM1_CH3.0=TIM1_CH3,PWM Generation3 CH3
SH.S_TIM1_CH3.ConfNb=1
SH.S_TIM1_CH4.0=TIM1_CH4,PWM Generation4 CH4
SH.S_TIM1_CH4.ConfNb=1
SH.S_TIM2_CH2.0=TIM2_CH2,PWM Generation2 CH2
SH.S_TIM2_CH2.ConfNb=1
SH.S_TIM3_CH1.0=TIM3_CH1,PWM Generation1 CH1
SH.S_TIM3_CH1.ConfNb=1
SH.S_TIM4_CH2.0=TIM4_CH2,PWM Generation2 CH2
SH.S_TIM4_CH2.ConfNb=1
SH.S_TIM5_CH1.0=TIM5_CH1,PWM Generation1 CH1
SH.S_TIM5_CH1.ConfNb=1
SH.S_TIM8_CH3.0=TIM8_CH3,Output Compare3 CH3
SH.S_TIM8_CH3.ConfNb=1
SH.S_TIM8_CH4.0=TIM8_CH4,PWM Generation4 CH4
SH.S_TIM8_CH4.ConfNb=1
SPI1.BaudRatePrescaler=SPI_BAUDRATEPRESCALER_4
SPI1.CalculateBaudRate=18.0 MBits/s
SPI1.Direction=SPI_DIRECTION_2LINES
SPI1.IPParameters=VirtualType,Mode,Direction,BaudRatePrescaler,CalculateBaudRate,VirtualNSS
SPI1.Mode=SPI_MODE_MASTER
SPI1.VirtualNSS=VM_NSSHARD
SPI1.VirtualType=VM_MASTER
SPI2.CalculateBaudRate=18.0 MBits/s
SPI2.Direction=SPI_DIRECTION_2LINES
SPI2.IPParameters=VirtualType,Mode,Direction,CalculateBaudRate,VirtualNSS
SPI2.Mode=SPI_MODE_MASTER
SPI2.VirtualNSS=VM_NSSHARD
SPI2.VirtualType=VM_MASTER
TIM1.Channel-PWM\ Generation1\ CH1N=TIM_CHANNEL_1
TIM1.Channel-PWM\ Generation2\ CH2N=TIM_CHANNEL_2
TIM1.Channel-PWM\ Generation3\ CH3=TIM_CHANNEL_3
TIM1.Channel-PWM\ Generation4\ CH4=TIM_CHANNEL_4
TIM1.IPParameters=Channel-PWM Generation3 CH3,Channel-PWM Generation4 CH4,Channel-PWM Generation1 CH1N,Channel-PWM Generation2 CH2N
TIM2.Channel-PWM\ Generation2\ CH2=TIM_CHANNEL_2
TIM2.IPParameters=Channel-PWM Generation2 CH2
TIM3.Channel-PWM\ Generation1\ CH1=TIM_CHANNEL_1
TIM3.IPParameters=Channel-PWM Generation1 CH1
TIM4.Channel-PWM\ Generation2\ CH2=TIM_CHANNEL_2
TIM4.IPParameters=Channel-PWM Generation2 CH2
TIM5.Channel-PWM\ Generation1\ CH1=TIM_CHANNEL_1
TIM5.IPParameters=Channel-PWM Generation1 CH1
TIM8.Channel-Output\ Compare3\ CH3=TIM_CHANNEL_3
TIM8.Channel-PWM\ Generation4\ CH4=TIM_CHANNEL_4
TIM8.IPParameters=Channel-PWM Generation4 CH4,Channel-Output Compare3 CH3
USART1.IPParameters=VirtualMode
USART1.VirtualMode=VM_ASYNC
USART2.IPParameters=VirtualMode
USART2.VirtualMode=VM_ASYNC
VP_SYS_VS_Systick.Mode=SysTick
VP_SYS_VS_Systick.Signal=SYS_VS_Systick
board=custom
